// !$*UTF8*$!
{
	archiveVersion = 1;
	classes = {
	};
	objectVersion = 46;
	objects = {

/* Begin PBXBuildFile section */
		B57E8F191C00C27800040BFE /* AppDelegate.swift in Sources */ = {isa = PBXBuildFile; fileRef = B57E8F181C00C27800040BFE /* AppDelegate.swift */; };
		B57E8F1B1C00C27800040BFE /* FirstViewController.swift in Sources */ = {isa = PBXBuildFile; fileRef = B57E8F1A1C00C27800040BFE /* FirstViewController.swift */; };
		B57E8F1D1C00C27800040BFE /* SecondViewController.swift in Sources */ = {isa = PBXBuildFile; fileRef = B57E8F1C1C00C27800040BFE /* SecondViewController.swift */; };
		B57E8F201C00C27800040BFE /* Main.storyboard in Resources */ = {isa = PBXBuildFile; fileRef = B57E8F1E1C00C27800040BFE /* Main.storyboard */; };
		B57E8F221C00C27800040BFE /* Assets.xcassets in Resources */ = {isa = PBXBuildFile; fileRef = B57E8F211C00C27800040BFE /* Assets.xcassets */; };
		B57E8F251C00C27800040BFE /* LaunchScreen.storyboard in Resources */ = {isa = PBXBuildFile; fileRef = B57E8F231C00C27800040BFE /* LaunchScreen.storyboard */; };
/* End PBXBuildFile section */

/* Begin PBXFileReference section */
		B57E8F151C00C27800040BFE /* FlirAir.app */ = {isa = PBXFileReference; explicitFileType = wrapper.application; includeInIndex = 0; path = FlirAir.app; sourceTree = BUILT_PRODUCTS_DIR; };
		B57E8F181C00C27800040BFE /* AppDelegate.swift */ = {isa = PBXFileReference; lastKnownFileType = sourcecode.swift; path = AppDelegate.swift; sourceTree = "<group>"; };
		B57E8F1A1C00C27800040BFE /* FirstViewController.swift */ = {isa = PBXFileReference; lastKnownFileType = sourcecode.swift; path = FirstViewController.swift; sourceTree = "<group>"; };
		B57E8F1C1C00C27800040BFE /* SecondViewController.swift */ = {isa = PBXFileReference; lastKnownFileType = sourcecode.swift; path = SecondViewController.swift; sourceTree = "<group>"; };
		B57E8F1F1C00C27800040BFE /* Base */ = {isa = PBXFileReference; lastKnownFileType = file.storyboard; name = Base; path = Base.lproj/Main.storyboard; sourceTree = "<group>"; };
		B57E8F211C00C27800040BFE /* Assets.xcassets */ = {isa = PBXFileReference; lastKnownFileType = folder.assetcatalog; path = Assets.xcassets; sourceTree = "<group>"; };
		B57E8F241C00C27800040BFE /* Base */ = {isa = PBXFileReference; lastKnownFileType = file.storyboard; name = Base; path = Base.lproj/LaunchScreen.storyboard; sourceTree = "<group>"; };
		B57E8F261C00C27800040BFE /* Info.plist */ = {isa = PBXFileReference; lastKnownFileType = text.plist.xml; path = Info.plist; sourceTree = "<group>"; };
/* End PBXFileReference section */

/* Begin PBXFrameworksBuildPhase section */
		B57E8F121C00C27800040BFE /* Frameworks */ = {
			isa = PBXFrameworksBuildPhase;
			buildActionMask = 2147483647;
			files = (
			);
			runOnlyForDeploymentPostprocessing = 0;
		};
/* End PBXFrameworksBuildPhase section */

/* Begin PBXGroup section */
		B57E8F0C1C00C27800040BFE = {
			isa = PBXGroup;
			children = (
				B57E8F171C00C27800040BFE /* FlirAir */,
				B57E8F161C00C27800040BFE /* Products */,
			);
			sourceTree = "<group>";
		};
		B57E8F161C00C27800040BFE /* Products */ = {
			isa = PBXGroup;
			children = (
				B57E8F151C00C27800040BFE /* FlirAir.app */,
			);
			name = Products;
			sourceTree = "<group>";
		};
		B57E8F171C00C27800040BFE /* FlirAir */ = {
			isa = PBXGroup;
			children = (
				B57E8F181C00C27800040BFE /* AppDelegate.swift */,
				B57E8F1A1C00C27800040BFE /* FirstViewController.swift */,
				B57E8F1C1C00C27800040BFE /* SecondViewController.swift */,
				B57E8F1E1C00C27800040BFE /* Main.storyboard */,
				B57E8F211C00C27800040BFE /* Assets.xcassets */,
				B57E8F231C00C27800040BFE /* LaunchScreen.storyboard */,
				B57E8F261C00C27800040BFE /* Info.plist */,
			);
			path = FlirAir;
			sourceTree = "<group>";
		};
/* End PBXGroup section */

/* Begin PBXNativeTarget section */
		B57E8F141C00C27800040BFE /* FlirAir */ = {
			isa = PBXNativeTarget;
			buildConfigurationList = B57E8F291C00C27800040BFE /* Build configuration list for PBXNativeTarget "FlirAir" */;
			buildPhases = (
				B57E8F111C00C27800040BFE /* Sources */,
				B57E8F121C00C27800040BFE /* Frameworks */,
				B57E8F131C00C27800040BFE /* Resources */,
			);
			buildRules = (
			);
			dependencies = (
			);
			name = FlirAir;
			productName = FlirAir;
			productReference = B57E8F151C00C27800040BFE /* FlirAir.app */;
			productType = "com.apple.product-type.application";
		};
/* End PBXNativeTarget section */

/* Begin PBXProject section */
		B57E8F0D1C00C27800040BFE /* Project object */ = {
			isa = PBXProject;
			attributes = {
				LastSwiftUpdateCheck = 0710;
				LastUpgradeCheck = 0710;
				ORGANIZATIONNAME = padblish;
				TargetAttributes = {
					B57E8F141C00C27800040BFE = {
						CreatedOnToolsVersion = 7.1.1;
					};
				};
			};
			buildConfigurationList = B57E8F101C00C27800040BFE /* Build configuration list for PBXProject "FlirAir" */;
			compatibilityVersion = "Xcode 3.2";
			developmentRegion = English;
			hasScannedForEncodings = 0;
			knownRegions = (
				en,
				Base,
			);
			mainGroup = B57E8F0C1C00C27800040BFE;
			productRefGroup = B57E8F161C00C27800040BFE /* Products */;
			projectDirPath = "";
			projectRoot = "";
			targets = (
				B57E8F141C00C27800040BFE /* FlirAir */,
			);
		};
/* End PBXProject section */

/* Begin PBXResourcesBuildPhase section */
		B57E8F131C00C27800040BFE /* Resources */ = {
			isa = PBXResourcesBuildPhase;
			buildActionMask = 2147483647;
			files = (
				B57E8F251C00C27800040BFE /* LaunchScreen.storyboard in Resources */,
				B57E8F221C00C27800040BFE /* Assets.xcassets in Resources */,
				B57E8F201C00C27800040BFE /* Main.storyboard in Resources */,
			);
			runOnlyForDeploymentPostprocessing = 0;
		};
/* End PBXResourcesBuildPhase section */

/* Begin PBXSourcesBuildPhase section */
		B57E8F111C00C27800040BFE /* Sources */ = {
			isa = PBXSourcesBuildPhase;
			buildActionMask = 2147483647;
			files = (
				B57E8F1D1C00C27800040BFE /* SecondViewController.swift in Sources */,
				B57E8F191C00C27800040BFE /* AppDelegate.swift in Sources */,
				B57E8F1B1C00C27800040BFE /* FirstViewController.swift in Sources */,
			);
			runOnlyForDeploymentPostprocessing = 0;
		};
/* End PBXSourcesBuildPhase section */

/* Begin PBXVariantGroup section */
		B57E8F1E1C00C27800040BFE /* Main.storyboard */ = {
			isa = PBXVariantGroup;
			children = (
				B57E8F1F1C00C27800040BFE /* Base */,
			);
			name = Main.storyboard;
			sourceTree = "<group>";
		};
		B57E8F231C00C27800040BFE /* LaunchScreen.storyboard */ = {
			isa = PBXVariantGroup;
			children = (
				B57E8F241C00C27800040BFE /* Base */,
			);
			name = LaunchScreen.storyboard;
			sourceTree = "<group>";
		};
/* End PBXVariantGroup section */

/* Begin XCBuildConfiguration section */
		B57E8F271C00C27800040BFE /* Debug */ = {
			isa = XCBuildConfiguration;
			buildSettings = {
				ALWAYS_SEARCH_USER_PATHS = NO;
				CLANG_CXX_LANGUAGE_STANDARD = "gnu++0x";
				CLANG_CXX_LIBRARY = "libc++";
				CLANG_ENABLE_MODULES = YES;
				CLANG_ENABLE_OBJC_ARC = YES;
				CLANG_WARN_BOOL_CONVERSION = YES;
				CLANG_WARN_CONSTANT_CONVERSION = YES;
				CLANG_WARN_DIRECT_OBJC_ISA_USAGE = YES_ERROR;
				CLANG_WARN_EMPTY_BODY = YES;
				CLANG_WARN_ENUM_CONVERSION = YES;
				CLANG_WARN_INT_CONVERSION = YES;
				CLANG_WARN_OBJC_ROOT_CLASS = YES_ERROR;
				CLANG_WARN_UNREACHABLE_CODE = YES;
				CLANG_WARN__DUPLICATE_METHOD_MATCH = YES;
				"CODE_SIGN_IDENTITY[sdk=iphoneos*]" = "iPhone Developer";
				COPY_PHASE_STRIP = NO;
				DEBUG_INFORMATION_FORMAT = dwarf;
				ENABLE_STRICT_OBJC_MSGSEND = YES;
				ENABLE_TESTABILITY = YES;
				GCC_C_LANGUAGE_STANDARD = gnu99;
				GCC_DYNAMIC_NO_PIC = NO;
				GCC_NO_COMMON_BLOCKS = YES;
				GCC_OPTIMIZATION_LEVEL = 0;
				GCC_PREPROCESSOR_DEFINITIONS = (
					"DEBUG=1",
					"$(inherited)",
				);
				GCC_WARN_64_TO_32_BIT_CONVERSION = YES;
				GCC_WARN_ABOUT_RETURN_TYPE = YES_ERROR;
				GCC_WARN_UNDECLARED_SELECTOR = YES;
				GCC_WARN_UNINITIALIZED_AUTOS = YES_AGGRESSIVE;
				GCC_WARN_UNUSED_FUNCTION = YES;
				GCC_WARN_UNUSED_VARIABLE = YES;
				IPHONEOS_DEPLOYMENT_TARGET = 9.1;
				MTL_ENABLE_DEBUG_INFO = YES;
				ONLY_ACTIVE_ARCH = YES;
				SDKROOT = iphoneos;
				SWIFT_OPTIMIZATION_LEVEL = "-Onone";
			};
			name = Debug;
		};
		B57E8F281C00C27800040BFE /* Release */ = {
			isa = XCBuildConfiguration;
			buildSettings = {
				ALWAYS_SEARCH_USER_PATHS = NO;
				CLANG_CXX_LANGUAGE_STANDARD = "gnu++0x";
				CLANG_CXX_LIBRARY = "libc++";
				CLANG_ENABLE_MODULES = YES;
				CLANG_ENABLE_OBJC_ARC = YES;
				CLANG_WARN_BOOL_CONVERSION = YES;
				CLANG_WARN_CONSTANT_CONVERSION = YES;
				CLANG_WARN_DIRECT_OBJC_ISA_USAGE = YES_ERROR;
				CLANG_WARN_EMPTY_BODY = YES;
				CLANG_WARN_ENUM_CONVERSION = YES;
				CLANG_WARN_INT_CONVERSION = YES;
				CLANG_WARN_OBJC_ROOT_CLASS = YES_ERROR;
				CLANG_WARN_UNREACHABLE_CODE = YES;
				CLANG_WARN__DUPLICATE_METHOD_MATCH = YES;
				"CODE_SIGN_IDENTITY[sdk=iphoneos*]" = "iPhone Developer";
				COPY_PHASE_STRIP = NO;
				DEBUG_INFORMATION_FORMAT = "dwarf-with-dsym";
				ENABLE_NS_ASSERTIONS = NO;
				ENABLE_STRICT_OBJC_MSGSEND = YES;
				GCC_C_LANGUAGE_STANDARD = gnu99;
				GCC_NO_COMMON_BLOCKS = YES;
				GCC_WARN_64_TO_32_BIT_CONVERSION = YES;
				GCC_WARN_ABOUT_RETURN_TYPE = YES_ERROR;
				GCC_WARN_UNDECLARED_SELECTOR = YES;
				GCC_WARN_UNINITIALIZED_AUTOS = YES_AGGRESSIVE;
				GCC_WARN_UNUSED_FUNCTION = YES;
				GCC_WARN_UNUSED_VARIABLE = YES;
				IPHONEOS_DEPLOYMENT_TARGET = 9.1;
				MTL_ENABLE_DEBUG_INFO = NO;
				SDKROOT = iphoneos;
				VALIDATE_PRODUCT = YES;
			};
			name = Release;
		};
		B57E8F2A1C00C27800040BFE /* Debug */ = {
			isa = XCBuildConfiguration;
			buildSettings = {
				ASSETCATALOG_COMPILER_APPICON_NAME = AppIcon;
				INFOPLIST_FILE = FlirAir/Info.plist;
				LD_RUNPATH_SEARCH_PATHS = "$(inherited) @executable_path/Frameworks";
				PRODUCT_BUNDLE_IDENTIFIER = com.padblish.FlirAir;
				PRODUCT_NAME = "$(TARGET_NAME)";
			};
			name = Debug;
		};
		B57E8F2B1C00C27800040BFE /* Release */ = {
			isa = XCBuildConfiguration;
			buildSettings = {
				ASSETCATALOG_COMPILER_APPICON_NAME = AppIcon;
				INFOPLIST_FILE = FlirAir/Info.plist;
				LD_RUNPATH_SEARCH_PATHS = "$(inherited) @executable_path/Frameworks";
				PRODUCT_BUNDLE_IDENTIFIER = com.padblish.FlirAir;
				PRODUCT_NAME = "$(TARGET_NAME)";
			};
			name = Release;
		};
/* End XCBuildConfiguration section */

/* Begin XCConfigurationList section */
		B57E8F101C00C27800040BFE /* Build configuration list for PBXProject "FlirAir" */ = {
			isa = XCConfigurationList;
			buildConfigurations = (
				B57E8F271C00C27800040BFE /* Debug */,
				B57E8F281C00C27800040BFE /* Release */,
			);
			defaultConfigurationIsVisible = 0;
			defaultConfigurationName = Release;
		};
		B57E8F291C00C27800040BFE /* Build configuration list for PBXNativeTarget "FlirAir" */ = {
			isa = XCConfigurationList;
			buildConfigurations = (
				B57E8F2A1C00C27800040BFE /* Debug */,
				B57E8F2B1C00C27800040BFE /* Release */,
			);
			defaultConfigurationIsVisible = 0;
		};
/* End XCConfigurationList section */
	};
	rootObject = B57E8F0D1C00C27800040BFE /* Project object */;
}
